// !$*UTF8*$!
{
	archiveVersion = 1;
	classes = {
	};
	objectVersion = 77;
	objects = {

/* Begin PBXContainerItemProxy section */
		511EEFED2CF0C4EA00F9376E /* PBXContainerItemProxy */ = {
			isa = PBXContainerItemProxy;
			containerPortal = 511EEFD42CF0C4E900F9376E /* Project object */;
			proxyType = 1;
			remoteGlobalIDString = 511EEFDB2CF0C4E900F9376E;
			remoteInfo = OnlineGroceriesSwiftUI;
		};
		511EEFF72CF0C4EA00F9376E /* PBXContainerItemProxy */ = {
			isa = PBXContainerItemProxy;
			containerPortal = 511EEFD42CF0C4E900F9376E /* Project object */;
			proxyType = 1;
			remoteGlobalIDString = 511EEFDB2CF0C4E900F9376E;
			remoteInfo = OnlineGroceriesSwiftUI;
		};
/* End PBXContainerItemProxy section */

/* Begin PBXFileReference section */
		511EEFDC2CF0C4E900F9376E /* OnlineGroceriesSwiftUI.app */ = {isa = PBXFileReference; explicitFileType = wrapper.application; includeInIndex = 0; path = OnlineGroceriesSwiftUI.app; sourceTree = BUILT_PRODUCTS_DIR; };
		511EEFEC2CF0C4EA00F9376E /* OnlineGroceriesSwiftUITests.xctest */ = {isa = PBXFileReference; explicitFileType = wrapper.cfbundle; includeInIndex = 0; path = OnlineGroceriesSwiftUITests.xctest; sourceTree = BUILT_PRODUCTS_DIR; };
		511EEFF62CF0C4EA00F9376E /* OnlineGroceriesSwiftUIUITests.xctest */ = {isa = PBXFileReference; explicitFileType = wrapper.cfbundle; includeInIndex = 0; path = OnlineGroceriesSwiftUIUITests.xctest; sourceTree = BUILT_PRODUCTS_DIR; };
/* End PBXFileReference section */

/* Begin PBXFileSystemSynchronizedRootGroup section */
		511EEFDE2CF0C4E900F9376E /* OnlineGroceriesSwiftUI */ = {
			isa = PBXFileSystemSynchronizedRootGroup;
			path = OnlineGroceriesSwiftUI;
			sourceTree = "<group>";
		};
		511EEFEF2CF0C4EA00F9376E /* OnlineGroceriesSwiftUITests */ = {
			isa = PBXFileSystemSynchronizedRootGroup;
			path = OnlineGroceriesSwiftUITests;
			sourceTree = "<group>";
		};
		511EEFF92CF0C4EA00F9376E /* OnlineGroceriesSwiftUIUITests */ = {
			isa = PBXFileSystemSynchronizedRootGroup;
			path = OnlineGroceriesSwiftUIUITests;
			sourceTree = "<group>";
		};
/* End PBXFileSystemSynchronizedRootGroup section */

/* Begin PBXFrameworksBuildPhase section */
		511EEFD92CF0C4E900F9376E /* Frameworks */ = {
			isa = PBXFrameworksBuildPhase;
			buildActionMask = 2147483647;
			files = (
			);
			runOnlyForDeploymentPostprocessing = 0;
		};
		511EEFE92CF0C4EA00F9376E /* Frameworks */ = {
			isa = PBXFrameworksBuildPhase;
			buildActionMask = 2147483647;
			files = (
			);
			runOnlyForDeploymentPostprocessing = 0;
		};
		511EEFF32CF0C4EA00F9376E /* Frameworks */ = {
			isa = PBXFrameworksBuildPhase;
			buildActionMask = 2147483647;
			files = (
			);
			runOnlyForDeploymentPostprocessing = 0;
		};
/* End PBXFrameworksBuildPhase section */

/* Begin PBXGroup section */
		511EEFD32CF0C4E900F9376E = {
			isa = PBXGroup;
			children = (
				511EEFDE2CF0C4E900F9376E /* OnlineGroceriesSwiftUI */,
				511EEFEF2CF0C4EA00F9376E /* OnlineGroceriesSwiftUITests */,
				511EEFF92CF0C4EA00F9376E /* OnlineGroceriesSwiftUIUITests */,
				511EEFDD2CF0C4E900F9376E /* Products */,
			);
			sourceTree = "<group>";
		};
		511EEFDD2CF0C4E900F9376E /* Products */ = {
			isa = PBXGroup;
			children = (
				511EEFDC2CF0C4E900F9376E /* OnlineGroceriesSwiftUI.app */,
				511EEFEC2CF0C4EA00F9376E /* OnlineGroceriesSwiftUITests.xctest */,
				511EEFF62CF0C4EA00F9376E /* OnlineGroceriesSwiftUIUITests.xctest */,
			);
			name = Products;
			sourceTree = "<group>";
		};
/* End PBXGroup section */

/* Begin PBXNativeTarget section */
		511EEFDB2CF0C4E900F9376E /* OnlineGroceriesSwiftUI */ = {
			isa = PBXNativeTarget;
			buildConfigurationList = 511EF0002CF0C4EA00F9376E /* Build configuration list for PBXNativeTarget "OnlineGroceriesSwiftUI" */;
			buildPhases = (
				511EEFD82CF0C4E900F9376E /* Sources */,
				511EEFD92CF0C4E900F9376E /* Frameworks */,
				511EEFDA2CF0C4E900F9376E /* Resources */,
			);
			buildRules = (
			);
			dependencies = (
			);
			fileSystemSynchronizedGroups = (
				511EEFDE2CF0C4E900F9376E /* OnlineGroceriesSwiftUI */,
			);
			name = OnlineGroceriesSwiftUI;
			packageProductDependencies = (
			);
			productName = OnlineGroceriesSwiftUI;
			productReference = 511EEFDC2CF0C4E900F9376E /* OnlineGroceriesSwiftUI.app */;
			productType = "com.apple.product-type.application";
		};
		511EEFEB2CF0C4EA00F9376E /* OnlineGroceriesSwiftUITests */ = {
			isa = PBXNativeTarget;
			buildConfigurationList = 511EF0032CF0C4EA00F9376E /* Build configuration list for PBXNativeTarget "OnlineGroceriesSwiftUITests" */;
			buildPhases = (
				511EEFE82CF0C4EA00F9376E /* Sources */,
				511EEFE92CF0C4EA00F9376E /* Frameworks */,
				511EEFEA2CF0C4EA00F9376E /* Resources */,
			);
			buildRules = (
			);
			dependencies = (
				511EEFEE2CF0C4EA00F9376E /* PBXTargetDependency */,
			);
			fileSystemSynchronizedGroups = (
				511EEFEF2CF0C4EA00F9376E /* OnlineGroceriesSwiftUITests */,
			);
			name = OnlineGroceriesSwiftUITests;
			packageProductDependencies = (
			);
			productName = OnlineGroceriesSwiftUITests;
			productReference = 511EEFEC2CF0C4EA00F9376E /* OnlineGroceriesSwiftUITests.xctest */;
			productType = "com.apple.product-type.bundle.unit-test";
		};
		511EEFF52CF0C4EA00F9376E /* OnlineGroceriesSwiftUIUITests */ = {
			isa = PBXNativeTarget;
			buildConfigurationList = 511EF0062CF0C4EA00F9376E /* Build configuration list for PBXNativeTarget "OnlineGroceriesSwiftUIUITests" */;
			buildPhases = (
				511EEFF22CF0C4EA00F9376E /* Sources */,
				511EEFF32CF0C4EA00F9376E /* Frameworks */,
				511EEFF42CF0C4EA00F9376E /* Resources */,
			);
			buildRules = (
			);
			dependencies = (
				511EEFF82CF0C4EA00F9376E /* PBXTargetDependency */,
			);
			fileSystemSynchronizedGroups = (
				511EEFF92CF0C4EA00F9376E /* OnlineGroceriesSwiftUIUITests */,
			);
			name = OnlineGroceriesSwiftUIUITests;
			packageProductDependencies = (
			);
			productName = OnlineGroceriesSwiftUIUITests;
			productReference = 511EEFF62CF0C4EA00F9376E /* OnlineGroceriesSwiftUIUITests.xctest */;
			productType = "com.apple.product-type.bundle.ui-testing";
		};
/* End PBXNativeTarget section */

/* Begin PBXProject section */
		511EEFD42CF0C4E900F9376E /* Project object */ = {
			isa = PBXProject;
			attributes = {
				BuildIndependentTargetsInParallel = 1;
				LastSwiftUpdateCheck = 1610;
				LastUpgradeCheck = 1610;
				TargetAttributes = {
					511EEFDB2CF0C4E900F9376E = {
						CreatedOnToolsVersion = 16.1;
					};
					511EEFEB2CF0C4EA00F9376E = {
						CreatedOnToolsVersion = 16.1;
						TestTargetID = 511EEFDB2CF0C4E900F9376E;
					};
					511EEFF52CF0C4EA00F9376E = {
						CreatedOnToolsVersion = 16.1;
						TestTargetID = 511EEFDB2CF0C4E900F9376E;
					};
				};
			};
			buildConfigurationList = 511EEFD72CF0C4E900F9376E /* Build configuration list for PBXProject "OnlineGroceriesSwiftUI" */;
			developmentRegion = en;
			hasScannedForEncodings = 0;
			knownRegions = (
				en,
				Base,
			);
			mainGroup = 511EEFD32CF0C4E900F9376E;
			minimizedProjectReferenceProxies = 1;
			preferredProjectObjectVersion = 77;
			productRefGroup = 511EEFDD2CF0C4E900F9376E /* Products */;
			projectDirPath = "";
			projectRoot = "";
			targets = (
				511EEFDB2CF0C4E900F9376E /* OnlineGroceriesSwiftUI */,
				511EEFEB2CF0C4EA00F9376E /* OnlineGroceriesSwiftUITests */,
				511EEFF52CF0C4EA00F9376E /* OnlineGroceriesSwiftUIUITests */,
			);
		};
/* End PBXProject section */

/* Begin PBXResourcesBuildPhase section */
		511EEFDA2CF0C4E900F9376E /* Resources */ = {
			isa = PBXResourcesBuildPhase;
			buildActionMask = 2147483647;
			files = (
			);
			runOnlyForDeploymentPostprocessing = 0;
		};
		511EEFEA2CF0C4EA00F9376E /* Resources */ = {
			isa = PBXResourcesBuildPhase;
			buildActionMask = 2147483647;
			files = (
			);
			runOnlyForDeploymentPostprocessing = 0;
		};
		511EEFF42CF0C4EA00F9376E /* Resources */ = {
			isa = PBXResourcesBuildPhase;
			buildActionMask = 2147483647;
			files = (
			);
			runOnlyForDeploymentPostprocessing = 0;
		};
/* End PBXResourcesBuildPhase section */

/* Begin PBXSourcesBuildPhase section */
		511EEFD82CF0C4E900F9376E /* Sources */ = {
			isa = PBXSourcesBuildPhase;
			buildActionMask = 2147483647;
			files = (
			);
			runOnlyForDeploymentPostprocessing = 0;
		};
		511EEFE82CF0C4EA00F9376E /* Sources */ = {
			isa = PBXSourcesBuildPhase;
			buildActionMask = 2147483647;
			files = (
			);
			runOnlyForDeploymentPostprocessing = 0;
		};
		511EEFF22CF0C4EA00F9376E /* Sources */ = {
			isa = PBXSourcesBuildPhase;
			buildActionMask = 2147483647;
			files = (
			);
			runOnlyForDeploymentPostprocessing = 0;
		};
/* End PBXSourcesBuildPhase section */

/* Begin PBXTargetDependency section */
		511EEFEE2CF0C4EA00F9376E /* PBXTargetDependency */ = {
			isa = PBXTargetDependency;
			target = 511EEFDB2CF0C4E900F9376E /* OnlineGroceriesSwiftUI */;
			targetProxy = 511EEFED2CF0C4EA00F9376E /* PBXContainerItemProxy */;
		};
		511EEFF82CF0C4EA00F9376E /* PBXTargetDependency */ = {
			isa = PBXTargetDependency;
			target = 511EEFDB2CF0C4E900F9376E /* OnlineGroceriesSwiftUI */;
			targetProxy = 511EEFF72CF0C4EA00F9376E /* PBXContainerItemProxy */;
		};
/* End PBXTargetDependency section */

/* Begin XCBuildConfiguration section */
		511EEFFE2CF0C4EA00F9376E /* Debug */ = {
			isa = XCBuildConfiguration;
			buildSettings = {
				ALWAYS_SEARCH_USER_PATHS = NO;
				ASSETCATALOG_COMPILER_GENERATE_SWIFT_ASSET_SYMBOL_EXTENSIONS = YES;
				CLANG_ANALYZER_NONNULL = YES;
				CLANG_ANALYZER_NUMBER_OBJECT_CONVERSION = YES_AGGRESSIVE;
				CLANG_CXX_LANGUAGE_STANDARD = "gnu++20";
				CLANG_ENABLE_MODULES = YES;
				CLANG_ENABLE_OBJC_ARC = YES;
				CLANG_ENABLE_OBJC_WEAK = YES;
				CLANG_WARN_BLOCK_CAPTURE_AUTORELEASING = YES;
				CLANG_WARN_BOOL_CONVERSION = YES;
				CLANG_WARN_COMMA = YES;
				CLANG_WARN_CONSTANT_CONVERSION = YES;
				CLANG_WARN_DEPRECATED_OBJC_IMPLEMENTATIONS = YES;
				CLANG_WARN_DIRECT_OBJC_ISA_USAGE = YES_ERROR;
				CLANG_WARN_DOCUMENTATION_COMMENTS = YES;
				CLANG_WARN_EMPTY_BODY = YES;
				CLANG_WARN_ENUM_CONVERSION = YES;
				CLANG_WARN_INFINITE_RECURSION = YES;
				CLANG_WARN_INT_CONVERSION = YES;
				CLANG_WARN_NON_LITERAL_NULL_CONVERSION = YES;
				CLANG_WARN_OBJC_IMPLICIT_RETAIN_SELF = YES;
				CLANG_WARN_OBJC_LITERAL_CONVERSION = YES;
				CLANG_WARN_OBJC_ROOT_CLASS = YES_ERROR;
				CLANG_WARN_QUOTED_INCLUDE_IN_FRAMEWORK_HEADER = YES;
				CLANG_WARN_RANGE_LOOP_ANALYSIS = YES;
				CLANG_WARN_STRICT_PROTOTYPES = YES;
				CLANG_WARN_SUSPICIOUS_MOVE = YES;
				CLANG_WARN_UNGUARDED_AVAILABILITY = YES_AGGRESSIVE;
				CLANG_WARN_UNREACHABLE_CODE = YES;
				CLANG_WARN__DUPLICATE_METHOD_MATCH = YES;
				COPY_PHASE_STRIP = NO;
				DEBUG_INFORMATION_FORMAT = dwarf;
				ENABLE_STRICT_OBJC_MSGSEND = YES;
				ENABLE_TESTABILITY = YES;
				ENABLE_USER_SCRIPT_SANDBOXING = YES;
				GCC_C_LANGUAGE_STANDARD = gnu17;
				GCC_DYNAMIC_NO_PIC = NO;
				GCC_NO_COMMON_BLOCKS = YES;
				GCC_OPTIMIZATION_LEVEL = 0;
				GCC_PREPROCESSOR_DEFINITIONS = (
					"DEBUG=1",
					"$(inherited)",
				);
				GCC_WARN_64_TO_32_BIT_CONVERSION = YES;
				GCC_WARN_ABOUT_RETURN_TYPE = YES_ERROR;
				GCC_WARN_UNDECLARED_SELECTOR = YES;
				GCC_WARN_UNINITIALIZED_AUTOS = YES_AGGRESSIVE;
				GCC_WARN_UNUSED_FUNCTION = YES;
				GCC_WARN_UNUSED_VARIABLE = YES;
				IPHONEOS_DEPLOYMENT_TARGET = 18.1;
				LOCALIZATION_PREFERS_STRING_CATALOGS = YES;
				MTL_ENABLE_DEBUG_INFO = INCLUDE_SOURCE;
				MTL_FAST_MATH = YES;
				ONLY_ACTIVE_ARCH = YES;
				SDKROOT = iphoneos;
				SWIFT_ACTIVE_COMPILATION_CONDITIONS = "DEBUG $(inherited)";
				SWIFT_OPTIMIZATION_LEVEL = "-Onone";
			};
			name = Debug;
		};
		511EEFFF2CF0C4EA00F9376E /* Release */ = {
			isa = XCBuildConfiguration;
			buildSettings = {
				ALWAYS_SEARCH_USER_PATHS = NO;
				ASSETCATALOG_COMPILER_GENERATE_SWIFT_ASSET_SYMBOL_EXTENSIONS = YES;
				CLANG_ANALYZER_NONNULL = YES;
				CLANG_ANALYZER_NUMBER_OBJECT_CONVERSION = YES_AGGRESSIVE;
				CLANG_CXX_LANGUAGE_STANDARD = "gnu++20";
				CLANG_ENABLE_MODULES = YES;
				CLANG_ENABLE_OBJC_ARC = YES;
				CLANG_ENABLE_OBJC_WEAK = YES;
				CLANG_WARN_BLOCK_CAPTURE_AUTORELEASING = YES;
				CLANG_WARN_BOOL_CONVERSION = YES;
				CLANG_WARN_COMMA = YES;
				CLANG_WARN_CONSTANT_CONVERSION = YES;
				CLANG_WARN_DEPRECATED_OBJC_IMPLEMENTATIONS = YES;
				CLANG_WARN_DIRECT_OBJC_ISA_USAGE = YES_ERROR;
				CLANG_WARN_DOCUMENTATION_COMMENTS = YES;
				CLANG_WARN_EMPTY_BODY = YES;
				CLANG_WARN_ENUM_CONVERSION = YES;
				CLANG_WARN_INFINITE_RECURSION = YES;
				CLANG_WARN_INT_CONVERSION = YES;
				CLANG_WARN_NON_LITERAL_NULL_CONVERSION = YES;
				CLANG_WARN_OBJC_IMPLICIT_RETAIN_SELF = YES;
				CLANG_WARN_OBJC_LITERAL_CONVERSION = YES;
				CLANG_WARN_OBJC_ROOT_CLASS = YES_ERROR;
				CLANG_WARN_QUOTED_INCLUDE_IN_FRAMEWORK_HEADER = YES;
				CLANG_WARN_RANGE_LOOP_ANALYSIS = YES;
				CLANG_WARN_STRICT_PROTOTYPES = YES;
				CLANG_WARN_SUSPICIOUS_MOVE = YES;
				CLANG_WARN_UNGUARDED_AVAILABILITY = YES_AGGRESSIVE;
				CLANG_WARN_UNREACHABLE_CODE = YES;
				CLANG_WARN__DUPLICATE_METHOD_MATCH = YES;
				COPY_PHASE_STRIP = NO;
				DEBUG_INFORMATION_FORMAT = "dwarf-with-dsym";
				ENABLE_NS_ASSERTIONS = NO;
				ENABLE_STRICT_OBJC_MSGSEND = YES;
				ENABLE_USER_SCRIPT_SANDBOXING = YES;
				GCC_C_LANGUAGE_STANDARD = gnu17;
				GCC_NO_COMMON_BLOCKS = YES;
				GCC_WARN_64_TO_32_BIT_CONVERSION = YES;
				GCC_WARN_ABOUT_RETURN_TYPE = YES_ERROR;
				GCC_WARN_UNDECLARED_SELECTOR = YES;
				GCC_WARN_UNINITIALIZED_AUTOS = YES_AGGRESSIVE;
				GCC_WARN_UNUSED_FUNCTION = YES;
				GCC_WARN_UNUSED_VARIABLE = YES;
				IPHONEOS_DEPLOYMENT_TARGET = 18.1;
				LOCALIZATION_PREFERS_STRING_CATALOGS = YES;
				MTL_ENABLE_DEBUG_INFO = NO;
				MTL_FAST_MATH = YES;
				SDKROOT = iphoneos;
				SWIFT_COMPILATION_MODE = wholemodule;
				VALIDATE_PRODUCT = YES;
			};
			name = Release;
		};
		511EF0012CF0C4EA00F9376E /* Debug */ = {
			isa = XCBuildConfiguration;
			buildSettings = {
				ASSETCATALOG_COMPILER_APPICON_NAME = AppIcon;
				ASSETCATALOG_COMPILER_GLOBAL_ACCENT_COLOR_NAME = AccentColor;
				CODE_SIGN_STYLE = Automatic;
				CURRENT_PROJECT_VERSION = 1;
				DEVELOPMENT_ASSET_PATHS = "\"OnlineGroceriesSwiftUI/Preview Content\"";
				DEVELOPMENT_TEAM = VSTQDH95PQ;
				ENABLE_PREVIEWS = YES;
				GENERATE_INFOPLIST_FILE = YES;
				INFOPLIST_KEY_UIApplicationSceneManifest_Generation = YES;
				INFOPLIST_KEY_UIApplicationSupportsIndirectInputEvents = YES;
				INFOPLIST_KEY_UILaunchScreen_Generation = YES;
				INFOPLIST_KEY_UISupportedInterfaceOrientations_iPad = "UIInterfaceOrientationPortrait UIInterfaceOrientationPortraitUpsideDown UIInterfaceOrientationLandscapeLeft UIInterfaceOrientationLandscapeRight";
				INFOPLIST_KEY_UISupportedInterfaceOrientations_iPhone = "UIInterfaceOrientationPortrait UIInterfaceOrientationLandscapeLeft UIInterfaceOrientationLandscapeRight";
				LD_RUNPATH_SEARCH_PATHS = (
					"$(inherited)",
					"@executable_path/Frameworks",
				);
				MARKETING_VERSION = 1.0;
				PRODUCT_BUNDLE_IDENTIFIER = com.mendmzury.OnlineGroceriesSwiftUI;
				PRODUCT_NAME = "$(TARGET_NAME)";
				SWIFT_EMIT_LOC_STRINGS = YES;
				SWIFT_VERSION = 5.0;
				TARGETED_DEVICE_FAMILY = "1,2";
			};
			name = Debug;
		};
		511EF0022CF0C4EA00F9376E /* Release */ = {
			isa = XCBuildConfiguration;
			buildSettings = {
				ASSETCATALOG_COMPILER_APPICON_NAME = AppIcon;
				ASSETCATALOG_COMPILER_GLOBAL_ACCENT_COLOR_NAME = AccentColor;
				CODE_SIGN_STYLE = Automatic;
				CURRENT_PROJECT_VERSION = 1;
				DEVELOPMENT_ASSET_PATHS = "\"OnlineGroceriesSwiftUI/Preview Content\"";
				DEVELOPMENT_TEAM = VSTQDH95PQ;
				ENABLE_PREVIEWS = YES;
				GENERATE_INFOPLIST_FILE = YES;
				INFOPLIST_KEY_UIApplicationSceneManifest_Generation = YES;
				INFOPLIST_KEY_UIApplicationSupportsIndirectInputEvents = YES;
				INFOPLIST_KEY_UILaunchScreen_Generation = YES;
				INFOPLIST_KEY_UISupportedInterfaceOrientations_iPad = "UIInterfaceOrientationPortrait UIInterfaceOrientationPortraitUpsideDown UIInterfaceOrientationLandscapeLeft UIInterfaceOrientationLandscapeRight";
				INFOPLIST_KEY_UISupportedInterfaceOrientations_iPhone = "UIInterfaceOrientationPortrait UIInterfaceOrientationLandscapeLeft UIInterfaceOrientationLandscapeRight";
				LD_RUNPATH_SEARCH_PATHS = (
					"$(inherited)",
					"@executable_path/Frameworks",
				);
				MARKETING_VERSION = 1.0;
				PRODUCT_BUNDLE_IDENTIFIER = com.mendmzury.OnlineGroceriesSwiftUI;
				PRODUCT_NAME = "$(TARGET_NAME)";
				SWIFT_EMIT_LOC_STRINGS = YES;
				SWIFT_VERSION = 5.0;
				TARGETED_DEVICE_FAMILY = "1,2";
			};
			name = Release;
		};
		511EF0042CF0C4EA00F9376E /* Debug */ = {
			isa = XCBuildConfiguration;
			buildSettings = {
				BUNDLE_LOADER = "$(TEST_HOST)";
				CODE_SIGN_STYLE = Automatic;
				CURRENT_PROJECT_VERSION = 1;
				DEVELOPMENT_TEAM = VSTQDH95PQ;
				GENERATE_INFOPLIST_FILE = YES;
				IPHONEOS_DEPLOYMENT_TARGET = 18.1;
				MARKETING_VERSION = 1.0;
				PRODUCT_BUNDLE_IDENTIFIER = com.mendmzury.OnlineGroceriesSwiftUITests;
				PRODUCT_NAME = "$(TARGET_NAME)";
				SWIFT_EMIT_LOC_STRINGS = NO;
				SWIFT_VERSION = 5.0;
				TARGETED_DEVICE_FAMILY = "1,2";
				TEST_HOST = "$(BUILT_PRODUCTS_DIR)/OnlineGroceriesSwiftUI.app/$(BUNDLE_EXECUTABLE_FOLDER_PATH)/OnlineGroceriesSwiftUI";
			};
			name = Debug;
		};
		511EF0052CF0C4EA00F9376E /* Release */ = {
			isa = XCBuildConfiguration;
			buildSettings = {
				BUNDLE_LOADER = "$(TEST_HOST)";
				CODE_SIGN_STYLE = Automatic;
				CURRENT_PROJECT_VERSION = 1;
				DEVELOPMENT_TEAM = VSTQDH95PQ;
				GENERATE_INFOPLIST_FILE = YES;
				IPHONEOS_DEPLOYMENT_TARGET = 18.1;
				MARKETING_VERSION = 1.0;
				PRODUCT_BUNDLE_IDENTIFIER = com.mendmzury.OnlineGroceriesSwiftUITests;
				PRODUCT_NAME = "$(TARGET_NAME)";
				SWIFT_EMIT_LOC_STRINGS = NO;
				SWIFT_VERSION = 5.0;
				TARGETED_DEVICE_FAMILY = "1,2";
				TEST_HOST = "$(BUILT_PRODUCTS_DIR)/OnlineGroceriesSwiftUI.app/$(BUNDLE_EXECUTABLE_FOLDER_PATH)/OnlineGroceriesSwiftUI";
			};
			name = Release;
		};
		511EF0072CF0C4EA00F9376E /* Debug */ = {
			isa = XCBuildConfiguration;
			buildSettings = {
				CODE_SIGN_STYLE = Automatic;
				CURRENT_PROJECT_VERSION = 1;
				DEVELOPMENT_TEAM = VSTQDH95PQ;
				GENERATE_INFOPLIST_FILE = YES;
				MARKETING_VERSION = 1.0;
				PRODUCT_BUNDLE_IDENTIFIER = com.mendmzury.OnlineGroceriesSwiftUIUITests;
				PRODUCT_NAME = "$(TARGET_NAME)";
				SWIFT_EMIT_LOC_STRINGS = NO;
				SWIFT_VERSION = 5.0;
				TARGETED_DEVICE_FAMILY = "1,2";
				TEST_TARGET_NAME = OnlineGroceriesSwiftUI;
			};
			name = Debug;
		};
		511EF0082CF0C4EA00F9376E /* Release */ = {
			isa = XCBuildConfiguration;
			buildSettings = {
				CODE_SIGN_STYLE = Automatic;
				CURRENT_PROJECT_VERSION = 1;
				DEVELOPMENT_TEAM = VSTQDH95PQ;
				GENERATE_INFOPLIST_FILE = YES;
				MARKETING_VERSION = 1.0;
				PRODUCT_BUNDLE_IDENTIFIER = com.mendmzury.OnlineGroceriesSwiftUIUITests;
				PRODUCT_NAME = "$(TARGET_NAME)";
				SWIFT_EMIT_LOC_STRINGS = NO;
				SWIFT_VERSION = 5.0;
				TARGETED_DEVICE_FAMILY = "1,2";
				TEST_TARGET_NAME = OnlineGroceriesSwiftUI;
			};
			name = Release;
		};
/* End XCBuildConfiguration section */

/* Begin XCConfigurationList section */
		511EEFD72CF0C4E900F9376E /* Build configuration list for PBXProject "OnlineGroceriesSwiftUI" */ = {
			isa = XCConfigurationList;
			buildConfigurations = (
				511EEFFE2CF0C4EA00F9376E /* Debug */,
				511EEFFF2CF0C4EA00F9376E /* Release */,
			);
			defaultConfigurationIsVisible = 0;
			defaultConfigurationName = Release;
		};
		511EF0002CF0C4EA00F9376E /* Build configuration list for PBXNativeTarget "OnlineGroceriesSwiftUI" */ = {
			isa = XCConfigurationList;
			buildConfigurations = (
				511EF0012CF0C4EA00F9376E /* Debug */,
				511EF0022CF0C4EA00F9376E /* Release */,
			);
			defaultConfigurationIsVisible = 0;
			defaultConfigurationName = Release;
		};
		511EF0032CF0C4EA00F9376E /* Build configuration list for PBXNativeTarget "OnlineGroceriesSwiftUITests" */ = {
			isa = XCConfigurationList;
			buildConfigurations = (
				511EF0042CF0C4EA00F9376E /* Debug */,
				511EF0052CF0C4EA00F9376E /* Release */,
			);
			defaultConfigurationIsVisible = 0;
			defaultConfigurationName = Release;
		};
		511EF0062CF0C4EA00F9376E /* Build configuration list for PBXNativeTarget "OnlineGroceriesSwiftUIUITests" */ = {
			isa = XCConfigurationList;
			buildConfigurations = (
				511EF0072CF0C4EA00F9376E /* Debug */,
				511EF0082CF0C4EA00F9376E /* Release */,
			);
			defaultConfigurationIsVisible = 0;
			defaultConfigurationName = Release;
		};
/* End XCConfigurationList section */
	};
	rootObject = 511EEFD42CF0C4E900F9376E /* Project object */;
}
